
Microsoft Visual Studio Solution File, Format Version 12.00
# Visual Studio Version 17
VisualStudioVersion = 17.5.002.0
MinimumVisualStudioVersion = 10.0.40219.1
Project("{9A19103F-16F7-4668-BE54-9A1E7A4F7556}") = "AmazonClone", "AmazonClone.csproj", "{9DCE2D62-1001-41FD-BBA4-0064479F5D31}"
EndProject
Global
	GlobalSection(SolutionConfigurationPlatforms) = preSolution
		Debug|Any CPU = Debug|Any CPU
		Release|Any CPU = Release|Any CPU
	EndGlobalSection
	GlobalSection(ProjectConfigurationPlatforms) = postSolution
		{9DCE2D62-1001-41FD-BBA4-0064479F5D31}.Debug|Any CPU.ActiveCfg = Debug|Any CPU
		{9DCE2D62-1001-41FD-BBA4-0064479F5D31}.Debug|Any CPU.Build.0 = Debug|Any CPU
		{9DCE2D62-1001-41FD-BBA4-0064479F5D31}.Release|Any CPU.ActiveCfg = Release|Any CPU
		{9DCE2D62-1001-41FD-BBA4-0064479F5D31}.Release|Any CPU.Build.0 = Release|Any CPU
	EndGlobalSection
	GlobalSection(SolutionProperties) = preSolution
		HideSolutionNode = FALSE
	EndGlobalSection
	GlobalSection(ExtensibilityGlobals) = postSolution
		SolutionGuid = {507B823F-3410-4DE9-956C-51D35660ECD1}
	EndGlobalSection
EndGlobal
